
Microsoft Visual Studio Solution File, Format Version 12.00
# Visual Studio Version 16
VisualStudioVersion = 16.0.30907.101
MinimumVisualStudioVersion = 10.0.40219.1
Project("{9A19103F-16F7-4668-BE54-9A1E7A4F7556}") = "RefactorThis", "RefactorThis.csproj", "{529176B5-F038-4745-A9B8-E87E9D226F6C}"
EndProject
Project("{9A19103F-16F7-4668-BE54-9A1E7A4F7556}") = "DB", "..\DB\DB.csproj", "{DD75FADB-442C-47CE-B972-AEDFD05CCA45}"
EndProject
Project("{FAE04EC0-301F-11D3-BF4B-00C04F79EFBC}") = "RefactorThis.Test", "..\RefactorThis.Test\RefactorThis.Test.csproj", "{43A00532-1C9A-4699-9572-C5F1805B3F4C}"
EndProject
Global
	GlobalSection(SolutionConfigurationPlatforms) = preSolution
		Debug|Any CPU = Debug|Any CPU
		Release|Any CPU = Release|Any CPU
	EndGlobalSection
	GlobalSection(ProjectConfigurationPlatforms) = postSolution
		{529176B5-F038-4745-A9B8-E87E9D226F6C}.Debug|Any CPU.ActiveCfg = Debug|Any CPU
		{529176B5-F038-4745-A9B8-E87E9D226F6C}.Debug|Any CPU.Build.0 = Debug|Any CPU
		{529176B5-F038-4745-A9B8-E87E9D226F6C}.Release|Any CPU.ActiveCfg = Release|Any CPU
		{529176B5-F038-4745-A9B8-E87E9D226F6C}.Release|Any CPU.Build.0 = Release|Any CPU
		{DD75FADB-442C-47CE-B972-AEDFD05CCA45}.Debug|Any CPU.ActiveCfg = Debug|Any CPU
		{DD75FADB-442C-47CE-B972-AEDFD05CCA45}.Debug|Any CPU.Build.0 = Debug|Any CPU
		{DD75FADB-442C-47CE-B972-AEDFD05CCA45}.Release|Any CPU.ActiveCfg = Release|Any CPU
		{DD75FADB-442C-47CE-B972-AEDFD05CCA45}.Release|Any CPU.Build.0 = Release|Any CPU
		{43A00532-1C9A-4699-9572-C5F1805B3F4C}.Debug|Any CPU.ActiveCfg = Debug|Any CPU
		{43A00532-1C9A-4699-9572-C5F1805B3F4C}.Debug|Any CPU.Build.0 = Debug|Any CPU
		{43A00532-1C9A-4699-9572-C5F1805B3F4C}.Release|Any CPU.ActiveCfg = Release|Any CPU
		{43A00532-1C9A-4699-9572-C5F1805B3F4C}.Release|Any CPU.Build.0 = Release|Any CPU
	EndGlobalSection
	GlobalSection(SolutionProperties) = preSolution
		HideSolutionNode = FALSE
	EndGlobalSection
	GlobalSection(ExtensibilityGlobals) = postSolution
		SolutionGuid = {9F8B68DA-D283-4FBF-BEC6-7541A2CE7DEB}
	EndGlobalSection
EndGlobal
